
Microsoft Visual Studio Solution File, Format Version 12.00
# Visual Studio Version 16
VisualStudioVersion = 16.0.30523.141
MinimumVisualStudioVersion = 10.0.40219.1
Project("{9A19103F-16F7-4668-BE54-9A1E7A4F7556}") = "UrGuide.Model", "..\UrGuide.Model\UrGuide.Model.csproj", "{14AE86BD-B378-4402-AB6C-E409B6E2B878}"
EndProject
Project("{9A19103F-16F7-4668-BE54-9A1E7A4F7556}") = "UrGuide.Mobile", "..\Mobile\UrGuide.Mobile\UrGuide.Mobile\UrGuide.Mobile.csproj", "{8CEC8D71-9F42-4D8C-AEFF-FF53FB474F20}"
EndProject
Project("{FAE04EC0-301F-11D3-BF4B-00C04F79EFBC}") = "UrGuide.Mobile.Android", "..\Mobile\UrGuide.Mobile\UrGuide.Mobile.Android\UrGuide.Mobile.Android.csproj", "{2CBA5FF8-9140-4332-9E42-6842353A39DF}"
EndProject
Project("{FAE04EC0-301F-11D3-BF4B-00C04F79EFBC}") = "UrGuide.Mobile.iOS", "..\Mobile\UrGuide.Mobile\UrGuide.Mobile.iOS\UrGuide.Mobile.iOS.csproj", "{66E59310-784F-497C-BA82-245D4F5DB655}"
EndProject
Global
	GlobalSection(SolutionConfigurationPlatforms) = preSolution
		Debug|Any CPU = Debug|Any CPU
		Debug|iPhone = Debug|iPhone
		Debug|iPhoneSimulator = Debug|iPhoneSimulator
		Release|Any CPU = Release|Any CPU
		Release|iPhone = Release|iPhone
		Release|iPhoneSimulator = Release|iPhoneSimulator
	EndGlobalSection
	GlobalSection(ProjectConfigurationPlatforms) = postSolution
		{14AE86BD-B378-4402-AB6C-E409B6E2B878}.Debug|Any CPU.ActiveCfg = Debug|Any CPU
		{14AE86BD-B378-4402-AB6C-E409B6E2B878}.Debug|Any CPU.Build.0 = Debug|Any CPU
		{14AE86BD-B378-4402-AB6C-E409B6E2B878}.Debug|iPhone.ActiveCfg = Debug|Any CPU
		{14AE86BD-B378-4402-AB6C-E409B6E2B878}.Debug|iPhone.Build.0 = Debug|Any CPU
		{14AE86BD-B378-4402-AB6C-E409B6E2B878}.Debug|iPhoneSimulator.ActiveCfg = Debug|Any CPU
		{14AE86BD-B378-4402-AB6C-E409B6E2B878}.Debug|iPhoneSimulator.Build.0 = Debug|Any CPU
		{14AE86BD-B378-4402-AB6C-E409B6E2B878}.Release|Any CPU.ActiveCfg = Release|Any CPU
		{14AE86BD-B378-4402-AB6C-E409B6E2B878}.Release|Any CPU.Build.0 = Release|Any CPU
		{14AE86BD-B378-4402-AB6C-E409B6E2B878}.Release|iPhone.ActiveCfg = Release|Any CPU
		{14AE86BD-B378-4402-AB6C-E409B6E2B878}.Release|iPhone.Build.0 = Release|Any CPU
		{14AE86BD-B378-4402-AB6C-E409B6E2B878}.Release|iPhoneSimulator.ActiveCfg = Release|Any CPU
		{14AE86BD-B378-4402-AB6C-E409B6E2B878}.Release|iPhoneSimulator.Build.0 = Release|Any CPU
		{8CEC8D71-9F42-4D8C-AEFF-FF53FB474F20}.Debug|Any CPU.ActiveCfg = Debug|Any CPU
		{8CEC8D71-9F42-4D8C-AEFF-FF53FB474F20}.Debug|Any CPU.Build.0 = Debug|Any CPU
		{8CEC8D71-9F42-4D8C-AEFF-FF53FB474F20}.Debug|iPhone.ActiveCfg = Debug|Any CPU
		{8CEC8D71-9F42-4D8C-AEFF-FF53FB474F20}.Debug|iPhone.Build.0 = Debug|Any CPU
		{8CEC8D71-9F42-4D8C-AEFF-FF53FB474F20}.Debug|iPhoneSimulator.ActiveCfg = Debug|Any CPU
		{8CEC8D71-9F42-4D8C-AEFF-FF53FB474F20}.Debug|iPhoneSimulator.Build.0 = Debug|Any CPU
		{8CEC8D71-9F42-4D8C-AEFF-FF53FB474F20}.Release|Any CPU.ActiveCfg = Release|Any CPU
		{8CEC8D71-9F42-4D8C-AEFF-FF53FB474F20}.Release|Any CPU.Build.0 = Release|Any CPU
		{8CEC8D71-9F42-4D8C-AEFF-FF53FB474F20}.Release|iPhone.ActiveCfg = Release|Any CPU
		{8CEC8D71-9F42-4D8C-AEFF-FF53FB474F20}.Release|iPhone.Build.0 = Release|Any CPU
		{8CEC8D71-9F42-4D8C-AEFF-FF53FB474F20}.Release|iPhoneSimulator.ActiveCfg = Release|Any CPU
		{8CEC8D71-9F42-4D8C-AEFF-FF53FB474F20}.Release|iPhoneSimulator.Build.0 = Release|Any CPU
		{2CBA5FF8-9140-4332-9E42-6842353A39DF}.Debug|Any CPU.ActiveCfg = Debug|Any CPU
		{2CBA5FF8-9140-4332-9E42-6842353A39DF}.Debug|Any CPU.Build.0 = Debug|Any CPU
		{2CBA5FF8-9140-4332-9E42-6842353A39DF}.Debug|Any CPU.Deploy.0 = Debug|Any CPU
		{2CBA5FF8-9140-4332-9E42-6842353A39DF}.Debug|iPhone.ActiveCfg = Debug|Any CPU
		{2CBA5FF8-9140-4332-9E42-6842353A39DF}.Debug|iPhone.Build.0 = Debug|Any CPU
		{2CBA5FF8-9140-4332-9E42-6842353A39DF}.Debug|iPhone.Deploy.0 = Debug|Any CPU
		{2CBA5FF8-9140-4332-9E42-6842353A39DF}.Debug|iPhoneSimulator.ActiveCfg = Debug|Any CPU
		{2CBA5FF8-9140-4332-9E42-6842353A39DF}.Debug|iPhoneSimulator.Build.0 = Debug|Any CPU
		{2CBA5FF8-9140-4332-9E42-6842353A39DF}.Debug|iPhoneSimulator.Deploy.0 = Debug|Any CPU
		{2CBA5FF8-9140-4332-9E42-6842353A39DF}.Release|Any CPU.ActiveCfg = Release|Any CPU
		{2CBA5FF8-9140-4332-9E42-6842353A39DF}.Release|Any CPU.Build.0 = Release|Any CPU
		{2CBA5FF8-9140-4332-9E42-6842353A39DF}.Release|Any CPU.Deploy.0 = Release|Any CPU
		{2CBA5FF8-9140-4332-9E42-6842353A39DF}.Release|iPhone.ActiveCfg = Release|Any CPU
		{2CBA5FF8-9140-4332-9E42-6842353A39DF}.Release|iPhone.Build.0 = Release|Any CPU
		{2CBA5FF8-9140-4332-9E42-6842353A39DF}.Release|iPhone.Deploy.0 = Release|Any CPU
		{2CBA5FF8-9140-4332-9E42-6842353A39DF}.Release|iPhoneSimulator.ActiveCfg = Release|Any CPU
		{2CBA5FF8-9140-4332-9E42-6842353A39DF}.Release|iPhoneSimulator.Build.0 = Release|Any CPU
		{2CBA5FF8-9140-4332-9E42-6842353A39DF}.Release|iPhoneSimulator.Deploy.0 = Release|Any CPU
		{66E59310-784F-497C-BA82-245D4F5DB655}.Debug|Any CPU.ActiveCfg = Debug|iPhoneSimulator
		{66E59310-784F-497C-BA82-245D4F5DB655}.Debug|iPhone.ActiveCfg = Debug|iPhone
		{66E59310-784F-497C-BA82-245D4F5DB655}.Debug|iPhone.Build.0 = Debug|iPhone
		{66E59310-784F-497C-BA82-245D4F5DB655}.Debug|iPhoneSimulator.ActiveCfg = Debug|iPhoneSimulator
		{66E59310-784F-497C-BA82-245D4F5DB655}.Debug|iPhoneSimulator.Build.0 = Debug|iPhoneSimulator
		{66E59310-784F-497C-BA82-245D4F5DB655}.Release|Any CPU.ActiveCfg = Release|iPhoneSimulator
		{66E59310-784F-497C-BA82-245D4F5DB655}.Release|iPhone.ActiveCfg = Release|iPhone
		{66E59310-784F-497C-BA82-245D4F5DB655}.Release|iPhone.Build.0 = Release|iPhone
		{66E59310-784F-497C-BA82-245D4F5DB655}.Release|iPhoneSimulator.ActiveCfg = Release|iPhoneSimulator
		{66E59310-784F-497C-BA82-245D4F5DB655}.Release|iPhoneSimulator.Build.0 = Release|iPhoneSimulator
	EndGlobalSection
	GlobalSection(SolutionProperties) = preSolution
		HideSolutionNode = FALSE
	EndGlobalSection
	GlobalSection(ExtensibilityGlobals) = postSolution
		SolutionGuid = {7B7D9726-58D8-469F-A680-A90157CC137A}
	EndGlobalSection
EndGlobal
