{
  "requires": true,
  "lockfileVersion": 1,
  "dependencies": {
    "react-select-country-list": {
      "version": "2.1.2",
      "resolved": "https://registry.npmjs.org/react-select-country-list/-/react-select-country-list-2.1.2.tgz",
      "integrity": "sha512-05D09+sK/51u3LI0+UkS0ZcDS/jsrHtv2b0zoIwJAkjXSmu7xCIt3wdUfCmvDNsqQP8GClzCGiwYPcGg8Qnkuw=="
    }
  }
}
