
Microsoft Visual Studio Solution File, Format Version 12.00
# Visual Studio Version 18
VisualStudioVersion = 18.2.11415.280
MinimumVisualStudioVersion = 10.0.40219.1
Project("{9A19103F-16F7-4668-BE54-9A1E7A4F7556}") = "UrGuide.WebApp", "UrGuide.WebApp\UrGuide.WebApp.csproj", "{4E672472-FBFC-4926-895C-B38F058FB21A}"
EndProject
Project("{2150E333-8FDC-42A3-9474-1A3956D46DE8}") = "Domain", "Domain", "{3F74E367-4B7F-45D0-AC79-1D30E8926A04}"
EndProject
Project("{9A19103F-16F7-4668-BE54-9A1E7A4F7556}") = "UrGuide.Data", "UrGuide.Data\UrGuide.Data.csproj", "{4E66E0AB-E212-4589-8C60-99CECC44B382}"
EndProject
Project("{9A19103F-16F7-4668-BE54-9A1E7A4F7556}") = "UrGuide.Model", "UrGuide.Model\UrGuide.Model.csproj", "{6B0F2B49-8DEC-48C3-A4E7-34C9B4946FF4}"
EndProject
Project("{9A19103F-16F7-4668-BE54-9A1E7A4F7556}") = "UrGuide.Services", "UrGuide.Services\UrGuide.Services.csproj", "{281DF82D-73EF-4A9B-A768-5A67910E6B8F}"
EndProject
Project("{9A19103F-16F7-4668-BE54-9A1E7A4F7556}") = "UrGuide.Shared", "UrGuide.Shared\UrGuide.Shared.csproj", "{385788FF-72ED-4AC9-BF4E-4279B7D0E2F1}"
EndProject
Project("{9A19103F-16F7-4668-BE54-9A1E7A4F7556}") = "UrGuide.Core", "UrGuide.Core\UrGuide.Core.csproj", "{0EE1E95A-589B-4B42-83DF-20CBBCC66236}"
EndProject
Project("{2150E333-8FDC-42A3-9474-1A3956D46DE8}") = "Misc", "Misc", "{388F28AF-E860-45D3-8130-15FBC400F354}"
	ProjectSection(SolutionItems) = preProject
		countries.json = countries.json
		currencies.json = currencies.json
	EndProjectSection
EndProject
Project("{FAE04EC0-301F-11D3-BF4B-00C04F79EFBC}") = "UrGuide.ServiceDefaults", "UrGuide.ServiceDefaults\UrGuide.ServiceDefaults.csproj", "{1574E0CE-0ED8-629D-B6F8-2BBF77F18617}"
EndProject
Project("{2150E333-8FDC-42A3-9474-1A3956D46DE8}") = "Tests", "Tests", "{0AB3BF05-4346-4AA6-1389-037BE0695223}"
EndProject
Project("{FAE04EC0-301F-11D3-BF4B-00C04F79EFBC}") = "UrGuide.UnitTests", "tests\UrGuide.UnitTests\UrGuide.UnitTests.csproj", "{FDF6DB21-AF84-46E4-86F8-8A1ECA0C2946}"
EndProject
Project("{FAE04EC0-301F-11D3-BF4B-00C04F79EFBC}") = "UrGuide.IntegrationTests", "tests\UrGuide.IntegrationTests\UrGuide.IntegrationTests.csproj", "{E3AA9BED-91EA-42ED-90F6-2FF07CAFA69F}"
EndProject
Project("{FAE04EC0-301F-11D3-BF4B-00C04F79EFBC}") = "UrGuide.E2ETests", "tests\UrGuide.E2ETests\UrGuide.E2ETests.csproj", "{9CAFCE57-D9BA-4F19-BD76-3F016C34CF09}"
EndProject
Project("{FAE04EC0-301F-11D3-BF4B-00C04F79EFBC}") = "UrGuide.PerformanceTests", "tests\UrGuide.PerformanceTests\UrGuide.PerformanceTests.csproj", "{0DA12813-B414-4148-AEB1-81BBFA0E0A46}"
EndProject
Global
	GlobalSection(SolutionConfigurationPlatforms) = preSolution
		Debug|Any CPU = Debug|Any CPU
		Debug|x64 = Debug|x64
		Debug|x86 = Debug|x86
		Release|Any CPU = Release|Any CPU
		Release|x64 = Release|x64
		Release|x86 = Release|x86
	EndGlobalSection
	GlobalSection(ProjectConfigurationPlatforms) = postSolution
		{4E672472-FBFC-4926-895C-B38F058FB21A}.Debug|Any CPU.ActiveCfg = Debug|Any CPU
		{4E672472-FBFC-4926-895C-B38F058FB21A}.Debug|Any CPU.Build.0 = Debug|Any CPU
		{4E672472-FBFC-4926-895C-B38F058FB21A}.Debug|x64.ActiveCfg = Debug|Any CPU
		{4E672472-FBFC-4926-895C-B38F058FB21A}.Debug|x64.Build.0 = Debug|Any CPU
		{4E672472-FBFC-4926-895C-B38F058FB21A}.Debug|x86.ActiveCfg = Debug|Any CPU
		{4E672472-FBFC-4926-895C-B38F058FB21A}.Debug|x86.Build.0 = Debug|Any CPU
		{4E672472-FBFC-4926-895C-B38F058FB21A}.Release|Any CPU.ActiveCfg = Release|Any CPU
		{4E672472-FBFC-4926-895C-B38F058FB21A}.Release|Any CPU.Build.0 = Release|Any CPU
		{4E672472-FBFC-4926-895C-B38F058FB21A}.Release|x64.ActiveCfg = Release|Any CPU
		{4E672472-FBFC-4926-895C-B38F058FB21A}.Release|x64.Build.0 = Release|Any CPU
		{4E672472-FBFC-4926-895C-B38F058FB21A}.Release|x86.ActiveCfg = Release|Any CPU
		{4E672472-FBFC-4926-895C-B38F058FB21A}.Release|x86.Build.0 = Release|Any CPU
		{4E66E0AB-E212-4589-8C60-99CECC44B382}.Debug|Any CPU.ActiveCfg = Debug|Any CPU
		{4E66E0AB-E212-4589-8C60-99CECC44B382}.Debug|Any CPU.Build.0 = Debug|Any CPU
		{4E66E0AB-E212-4589-8C60-99CECC44B382}.Debug|x64.ActiveCfg = Debug|Any CPU
		{4E66E0AB-E212-4589-8C60-99CECC44B382}.Debug|x64.Build.0 = Debug|Any CPU
		{4E66E0AB-E212-4589-8C60-99CECC44B382}.Debug|x86.ActiveCfg = Debug|Any CPU
		{4E66E0AB-E212-4589-8C60-99CECC44B382}.Debug|x86.Build.0 = Debug|Any CPU
		{4E66E0AB-E212-4589-8C60-99CECC44B382}.Release|Any CPU.ActiveCfg = Release|Any CPU
		{4E66E0AB-E212-4589-8C60-99CECC44B382}.Release|Any CPU.Build.0 = Release|Any CPU
		{4E66E0AB-E212-4589-8C60-99CECC44B382}.Release|x64.ActiveCfg = Release|Any CPU
		{4E66E0AB-E212-4589-8C60-99CECC44B382}.Release|x64.Build.0 = Release|Any CPU
		{4E66E0AB-E212-4589-8C60-99CECC44B382}.Release|x86.ActiveCfg = Release|Any CPU
		{4E66E0AB-E212-4589-8C60-99CECC44B382}.Release|x86.Build.0 = Release|Any CPU
		{6B0F2B49-8DEC-48C3-A4E7-34C9B4946FF4}.Debug|Any CPU.ActiveCfg = Debug|Any CPU
		{6B0F2B49-8DEC-48C3-A4E7-34C9B4946FF4}.Debug|Any CPU.Build.0 = Debug|Any CPU
		{6B0F2B49-8DEC-48C3-A4E7-34C9B4946FF4}.Debug|x64.ActiveCfg = Debug|Any CPU
		{6B0F2B49-8DEC-48C3-A4E7-34C9B4946FF4}.Debug|x64.Build.0 = Debug|Any CPU
		{6B0F2B49-8DEC-48C3-A4E7-34C9B4946FF4}.Debug|x86.ActiveCfg = Debug|Any CPU
		{6B0F2B49-8DEC-48C3-A4E7-34C9B4946FF4}.Debug|x86.Build.0 = Debug|Any CPU
		{6B0F2B49-8DEC-48C3-A4E7-34C9B4946FF4}.Release|Any CPU.ActiveCfg = Release|Any CPU
		{6B0F2B49-8DEC-48C3-A4E7-34C9B4946FF4}.Release|Any CPU.Build.0 = Release|Any CPU
		{6B0F2B49-8DEC-48C3-A4E7-34C9B4946FF4}.Release|x64.ActiveCfg = Release|Any CPU
		{6B0F2B49-8DEC-48C3-A4E7-34C9B4946FF4}.Release|x64.Build.0 = Release|Any CPU
		{6B0F2B49-8DEC-48C3-A4E7-34C9B4946FF4}.Release|x86.ActiveCfg = Release|Any CPU
		{6B0F2B49-8DEC-48C3-A4E7-34C9B4946FF4}.Release|x86.Build.0 = Release|Any CPU
		{281DF82D-73EF-4A9B-A768-5A67910E6B8F}.Debug|Any CPU.ActiveCfg = Debug|Any CPU
		{281DF82D-73EF-4A9B-A768-5A67910E6B8F}.Debug|Any CPU.Build.0 = Debug|Any CPU
		{281DF82D-73EF-4A9B-A768-5A67910E6B8F}.Debug|x64.ActiveCfg = Debug|Any CPU
		{281DF82D-73EF-4A9B-A768-5A67910E6B8F}.Debug|x64.Build.0 = Debug|Any CPU
		{281DF82D-73EF-4A9B-A768-5A67910E6B8F}.Debug|x86.ActiveCfg = Debug|Any CPU
		{281DF82D-73EF-4A9B-A768-5A67910E6B8F}.Debug|x86.Build.0 = Debug|Any CPU
		{281DF82D-73EF-4A9B-A768-5A67910E6B8F}.Release|Any CPU.ActiveCfg = Release|Any CPU
		{281DF82D-73EF-4A9B-A768-5A67910E6B8F}.Release|Any CPU.Build.0 = Release|Any CPU
		{281DF82D-73EF-4A9B-A768-5A67910E6B8F}.Release|x64.ActiveCfg = Release|Any CPU
		{281DF82D-73EF-4A9B-A768-5A67910E6B8F}.Release|x64.Build.0 = Release|Any CPU
		{281DF82D-73EF-4A9B-A768-5A67910E6B8F}.Release|x86.ActiveCfg = Release|Any CPU
		{281DF82D-73EF-4A9B-A768-5A67910E6B8F}.Release|x86.Build.0 = Release|Any CPU
		{385788FF-72ED-4AC9-BF4E-4279B7D0E2F1}.Debug|Any CPU.ActiveCfg = Debug|Any CPU
		{385788FF-72ED-4AC9-BF4E-4279B7D0E2F1}.Debug|Any CPU.Build.0 = Debug|Any CPU
		{385788FF-72ED-4AC9-BF4E-4279B7D0E2F1}.Debug|x64.ActiveCfg = Debug|Any CPU
		{385788FF-72ED-4AC9-BF4E-4279B7D0E2F1}.Debug|x64.Build.0 = Debug|Any CPU
		{385788FF-72ED-4AC9-BF4E-4279B7D0E2F1}.Debug|x86.ActiveCfg = Debug|Any CPU
		{385788FF-72ED-4AC9-BF4E-4279B7D0E2F1}.Debug|x86.Build.0 = Debug|Any CPU
		{385788FF-72ED-4AC9-BF4E-4279B7D0E2F1}.Release|Any CPU.ActiveCfg = Release|Any CPU
		{385788FF-72ED-4AC9-BF4E-4279B7D0E2F1}.Release|Any CPU.Build.0 = Release|Any CPU
		{385788FF-72ED-4AC9-BF4E-4279B7D0E2F1}.Release|x64.ActiveCfg = Release|Any CPU
		{385788FF-72ED-4AC9-BF4E-4279B7D0E2F1}.Release|x64.Build.0 = Release|Any CPU
		{385788FF-72ED-4AC9-BF4E-4279B7D0E2F1}.Release|x86.ActiveCfg = Release|Any CPU
		{385788FF-72ED-4AC9-BF4E-4279B7D0E2F1}.Release|x86.Build.0 = Release|Any CPU
		{0EE1E95A-589B-4B42-83DF-20CBBCC66236}.Debug|Any CPU.ActiveCfg = Debug|Any CPU
		{0EE1E95A-589B-4B42-83DF-20CBBCC66236}.Debug|Any CPU.Build.0 = Debug|Any CPU
		{0EE1E95A-589B-4B42-83DF-20CBBCC66236}.Debug|x64.ActiveCfg = Debug|Any CPU
		{0EE1E95A-589B-4B42-83DF-20CBBCC66236}.Debug|x64.Build.0 = Debug|Any CPU
		{0EE1E95A-589B-4B42-83DF-20CBBCC66236}.Debug|x86.ActiveCfg = Debug|Any CPU
		{0EE1E95A-589B-4B42-83DF-20CBBCC66236}.Debug|x86.Build.0 = Debug|Any CPU
		{0EE1E95A-589B-4B42-83DF-20CBBCC66236}.Release|Any CPU.ActiveCfg = Release|Any CPU
		{0EE1E95A-589B-4B42-83DF-20CBBCC66236}.Release|Any CPU.Build.0 = Release|Any CPU
		{0EE1E95A-589B-4B42-83DF-20CBBCC66236}.Release|x64.ActiveCfg = Release|Any CPU
		{0EE1E95A-589B-4B42-83DF-20CBBCC66236}.Release|x64.Build.0 = Release|Any CPU
		{0EE1E95A-589B-4B42-83DF-20CBBCC66236}.Release|x86.ActiveCfg = Release|Any CPU
		{0EE1E95A-589B-4B42-83DF-20CBBCC66236}.Release|x86.Build.0 = Release|Any CPU
		{1574E0CE-0ED8-629D-B6F8-2BBF77F18617}.Debug|Any CPU.ActiveCfg = Debug|Any CPU
		{1574E0CE-0ED8-629D-B6F8-2BBF77F18617}.Debug|Any CPU.Build.0 = Debug|Any CPU
		{1574E0CE-0ED8-629D-B6F8-2BBF77F18617}.Debug|x64.ActiveCfg = Debug|Any CPU
		{1574E0CE-0ED8-629D-B6F8-2BBF77F18617}.Debug|x64.Build.0 = Debug|Any CPU
		{1574E0CE-0ED8-629D-B6F8-2BBF77F18617}.Debug|x86.ActiveCfg = Debug|Any CPU
		{1574E0CE-0ED8-629D-B6F8-2BBF77F18617}.Debug|x86.Build.0 = Debug|Any CPU
		{1574E0CE-0ED8-629D-B6F8-2BBF77F18617}.Release|Any CPU.ActiveCfg = Release|Any CPU
		{1574E0CE-0ED8-629D-B6F8-2BBF77F18617}.Release|Any CPU.Build.0 = Release|Any CPU
		{1574E0CE-0ED8-629D-B6F8-2BBF77F18617}.Release|x64.ActiveCfg = Release|Any CPU
		{1574E0CE-0ED8-629D-B6F8-2BBF77F18617}.Release|x64.Build.0 = Release|Any CPU
		{1574E0CE-0ED8-629D-B6F8-2BBF77F18617}.Release|x86.ActiveCfg = Release|Any CPU
		{1574E0CE-0ED8-629D-B6F8-2BBF77F18617}.Release|x86.Build.0 = Release|Any CPU
		{FDF6DB21-AF84-46E4-86F8-8A1ECA0C2946}.Debug|Any CPU.ActiveCfg = Debug|Any CPU
		{FDF6DB21-AF84-46E4-86F8-8A1ECA0C2946}.Debug|Any CPU.Build.0 = Debug|Any CPU
		{FDF6DB21-AF84-46E4-86F8-8A1ECA0C2946}.Debug|x64.ActiveCfg = Debug|Any CPU
		{FDF6DB21-AF84-46E4-86F8-8A1ECA0C2946}.Debug|x64.Build.0 = Debug|Any CPU
		{FDF6DB21-AF84-46E4-86F8-8A1ECA0C2946}.Debug|x86.ActiveCfg = Debug|Any CPU
		{FDF6DB21-AF84-46E4-86F8-8A1ECA0C2946}.Debug|x86.Build.0 = Debug|Any CPU
		{FDF6DB21-AF84-46E4-86F8-8A1ECA0C2946}.Release|Any CPU.ActiveCfg = Release|Any CPU
		{FDF6DB21-AF84-46E4-86F8-8A1ECA0C2946}.Release|Any CPU.Build.0 = Release|Any CPU
		{FDF6DB21-AF84-46E4-86F8-8A1ECA0C2946}.Release|x64.ActiveCfg = Release|Any CPU
		{FDF6DB21-AF84-46E4-86F8-8A1ECA0C2946}.Release|x64.Build.0 = Release|Any CPU
		{FDF6DB21-AF84-46E4-86F8-8A1ECA0C2946}.Release|x86.ActiveCfg = Release|Any CPU
		{FDF6DB21-AF84-46E4-86F8-8A1ECA0C2946}.Release|x86.Build.0 = Release|Any CPU
		{E3AA9BED-91EA-42ED-90F6-2FF07CAFA69F}.Debug|Any CPU.ActiveCfg = Debug|Any CPU
		{E3AA9BED-91EA-42ED-90F6-2FF07CAFA69F}.Debug|Any CPU.Build.0 = Debug|Any CPU
		{E3AA9BED-91EA-42ED-90F6-2FF07CAFA69F}.Debug|x64.ActiveCfg = Debug|Any CPU
		{E3AA9BED-91EA-42ED-90F6-2FF07CAFA69F}.Debug|x64.Build.0 = Debug|Any CPU
		{E3AA9BED-91EA-42ED-90F6-2FF07CAFA69F}.Debug|x86.ActiveCfg = Debug|Any CPU
		{E3AA9BED-91EA-42ED-90F6-2FF07CAFA69F}.Debug|x86.Build.0 = Debug|Any CPU
		{E3AA9BED-91EA-42ED-90F6-2FF07CAFA69F}.Release|Any CPU.ActiveCfg = Release|Any CPU
		{E3AA9BED-91EA-42ED-90F6-2FF07CAFA69F}.Release|Any CPU.Build.0 = Release|Any CPU
		{E3AA9BED-91EA-42ED-90F6-2FF07CAFA69F}.Release|x64.ActiveCfg = Release|Any CPU
		{E3AA9BED-91EA-42ED-90F6-2FF07CAFA69F}.Release|x64.Build.0 = Release|Any CPU
		{E3AA9BED-91EA-42ED-90F6-2FF07CAFA69F}.Release|x86.ActiveCfg = Release|Any CPU
		{E3AA9BED-91EA-42ED-90F6-2FF07CAFA69F}.Release|x86.Build.0 = Release|Any CPU
		{9CAFCE57-D9BA-4F19-BD76-3F016C34CF09}.Debug|Any CPU.ActiveCfg = Debug|Any CPU
		{9CAFCE57-D9BA-4F19-BD76-3F016C34CF09}.Debug|Any CPU.Build.0 = Debug|Any CPU
		{9CAFCE57-D9BA-4F19-BD76-3F016C34CF09}.Debug|x64.ActiveCfg = Debug|Any CPU
		{9CAFCE57-D9BA-4F19-BD76-3F016C34CF09}.Debug|x64.Build.0 = Debug|Any CPU
		{9CAFCE57-D9BA-4F19-BD76-3F016C34CF09}.Debug|x86.ActiveCfg = Debug|Any CPU
		{9CAFCE57-D9BA-4F19-BD76-3F016C34CF09}.Debug|x86.Build.0 = Debug|Any CPU
		{9CAFCE57-D9BA-4F19-BD76-3F016C34CF09}.Release|Any CPU.ActiveCfg = Release|Any CPU
		{9CAFCE57-D9BA-4F19-BD76-3F016C34CF09}.Release|Any CPU.Build.0 = Release|Any CPU
		{9CAFCE57-D9BA-4F19-BD76-3F016C34CF09}.Release|x64.ActiveCfg = Release|Any CPU
		{9CAFCE57-D9BA-4F19-BD76-3F016C34CF09}.Release|x64.Build.0 = Release|Any CPU
		{9CAFCE57-D9BA-4F19-BD76-3F016C34CF09}.Release|x86.ActiveCfg = Release|Any CPU
		{9CAFCE57-D9BA-4F19-BD76-3F016C34CF09}.Release|x86.Build.0 = Release|Any CPU
		{0DA12813-B414-4148-AEB1-81BBFA0E0A46}.Debug|Any CPU.ActiveCfg = Debug|Any CPU
		{0DA12813-B414-4148-AEB1-81BBFA0E0A46}.Debug|Any CPU.Build.0 = Debug|Any CPU
		{0DA12813-B414-4148-AEB1-81BBFA0E0A46}.Debug|x64.ActiveCfg = Debug|Any CPU
		{0DA12813-B414-4148-AEB1-81BBFA0E0A46}.Debug|x64.Build.0 = Debug|Any CPU
		{0DA12813-B414-4148-AEB1-81BBFA0E0A46}.Debug|x86.ActiveCfg = Debug|Any CPU
		{0DA12813-B414-4148-AEB1-81BBFA0E0A46}.Debug|x86.Build.0 = Debug|Any CPU
		{0DA12813-B414-4148-AEB1-81BBFA0E0A46}.Release|Any CPU.ActiveCfg = Release|Any CPU
		{0DA12813-B414-4148-AEB1-81BBFA0E0A46}.Release|Any CPU.Build.0 = Release|Any CPU
		{0DA12813-B414-4148-AEB1-81BBFA0E0A46}.Release|x64.ActiveCfg = Release|Any CPU
		{0DA12813-B414-4148-AEB1-81BBFA0E0A46}.Release|x64.Build.0 = Release|Any CPU
		{0DA12813-B414-4148-AEB1-81BBFA0E0A46}.Release|x86.ActiveCfg = Release|Any CPU
		{0DA12813-B414-4148-AEB1-81BBFA0E0A46}.Release|x86.Build.0 = Release|Any CPU
	EndGlobalSection
	GlobalSection(SolutionProperties) = preSolution
		HideSolutionNode = FALSE
	EndGlobalSection
	GlobalSection(NestedProjects) = preSolution
		{4E66E0AB-E212-4589-8C60-99CECC44B382} = {3F74E367-4B7F-45D0-AC79-1D30E8926A04}
		{6B0F2B49-8DEC-48C3-A4E7-34C9B4946FF4} = {3F74E367-4B7F-45D0-AC79-1D30E8926A04}
		{281DF82D-73EF-4A9B-A768-5A67910E6B8F} = {3F74E367-4B7F-45D0-AC79-1D30E8926A04}
		{385788FF-72ED-4AC9-BF4E-4279B7D0E2F1} = {3F74E367-4B7F-45D0-AC79-1D30E8926A04}
		{0EE1E95A-589B-4B42-83DF-20CBBCC66236} = {3F74E367-4B7F-45D0-AC79-1D30E8926A04}
		{FDF6DB21-AF84-46E4-86F8-8A1ECA0C2946} = {0AB3BF05-4346-4AA6-1389-037BE0695223}
		{E3AA9BED-91EA-42ED-90F6-2FF07CAFA69F} = {0AB3BF05-4346-4AA6-1389-037BE0695223}
		{9CAFCE57-D9BA-4F19-BD76-3F016C34CF09} = {0AB3BF05-4346-4AA6-1389-037BE0695223}
		{0DA12813-B414-4148-AEB1-81BBFA0E0A46} = {0AB3BF05-4346-4AA6-1389-037BE0695223}
	EndGlobalSection
	GlobalSection(ExtensibilityGlobals) = postSolution
		SolutionGuid = {50E4A3DB-7814-4851-A144-578541D6B385}
	EndGlobalSection
EndGlobal
