
Microsoft Visual Studio Solution File, Format Version 12.00
# Visual Studio Version 16
VisualStudioVersion = 16.0.29806.167
MinimumVisualStudioVersion = 10.0.40219.1
Project("{9A19103F-16F7-4668-BE54-9A1E7A4F7556}") = "UrGuide.WebApp", "UrGuide.WebApp\UrGuide.WebApp.csproj", "{4E672472-FBFC-4926-895C-B38F058FB21A}"
EndProject
Project("{2150E333-8FDC-42A3-9474-1A3956D46DE8}") = "Domain", "Domain", "{3F74E367-4B7F-45D0-AC79-1D30E8926A04}"
EndProject
Project("{9A19103F-16F7-4668-BE54-9A1E7A4F7556}") = "UrGuide.Data", "UrGuide.Data\UrGuide.Data.csproj", "{4E66E0AB-E212-4589-8C60-99CECC44B382}"
EndProject
Project("{9A19103F-16F7-4668-BE54-9A1E7A4F7556}") = "UrGuide.Model", "UrGuide.Model\UrGuide.Model.csproj", "{6B0F2B49-8DEC-48C3-A4E7-34C9B4946FF4}"
EndProject
Project("{9A19103F-16F7-4668-BE54-9A1E7A4F7556}") = "UrGuide.Services", "UrGuide.Services\UrGuide.Services.csproj", "{281DF82D-73EF-4A9B-A768-5A67910E6B8F}"
EndProject
Project("{9A19103F-16F7-4668-BE54-9A1E7A4F7556}") = "UrGuide.Shared", "UrGuide.Shared\UrGuide.Shared.csproj", "{385788FF-72ED-4AC9-BF4E-4279B7D0E2F1}"
EndProject
Project("{2150E333-8FDC-42A3-9474-1A3956D46DE8}") = "Mobile", "Mobile", "{19C6C38D-6266-4B04-9E6F-2253AECD2AC0}"
EndProject
Project("{FAE04EC0-301F-11D3-BF4B-00C04F79EFBC}") = "UrGuide.Mobile.Android", "Mobile\UrGuide.Mobile\UrGuide.Mobile.Android\UrGuide.Mobile.Android.csproj", "{2CBA5FF8-9140-4332-9E42-6842353A39DF}"
EndProject
Project("{FAE04EC0-301F-11D3-BF4B-00C04F79EFBC}") = "UrGuide.Mobile.iOS", "Mobile\UrGuide.Mobile\UrGuide.Mobile.iOS\UrGuide.Mobile.iOS.csproj", "{66E59310-784F-497C-BA82-245D4F5DB655}"
EndProject
Project("{9A19103F-16F7-4668-BE54-9A1E7A4F7556}") = "UrGuide.Mobile", "Mobile\UrGuide.Mobile\UrGuide.Mobile\UrGuide.Mobile.csproj", "{E6378E17-68A0-432A-9CF4-79AC44BE357A}"
	ProjectSection(ProjectDependencies) = postProject
		{6B0F2B49-8DEC-48C3-A4E7-34C9B4946FF4} = {6B0F2B49-8DEC-48C3-A4E7-34C9B4946FF4}
	EndProjectSection
EndProject
Project("{9A19103F-16F7-4668-BE54-9A1E7A4F7556}") = "UrGuide.Core", "UrGuide.Core\UrGuide.Core.csproj", "{0EE1E95A-589B-4B42-83DF-20CBBCC66236}"
EndProject
Project("{2150E333-8FDC-42A3-9474-1A3956D46DE8}") = "Misc", "Misc", "{388F28AF-E860-45D3-8130-15FBC400F354}"
	ProjectSection(SolutionItems) = preProject
		countries.json = countries.json
		currencies.json = currencies.json
	EndProjectSection
EndProject
Project("{FAE04EC0-301F-11D3-BF4B-00C04F79EFBC}") = "UrGuide.AppHost", "UrGuide.AppHost\UrGuide.AppHost.csproj", "{0FE0D6AB-5EB9-4AEF-8C2C-750A35E9E1AF}"
EndProject
Project("{FAE04EC0-301F-11D3-BF4B-00C04F79EFBC}") = "UrGuide.ServiceDefaults", "UrGuide.ServiceDefaults\UrGuide.ServiceDefaults.csproj", "{B9C2B467-C7AC-44E6-81CB-E959976014B1}"
EndProject
Project("{FAE04EC0-301F-11D3-BF4B-00C04F79EFBC}") = "UrGuide.MAUI", "UrGuide.MAUI\UrGuide.MAUI.csproj", "{F0009F8A-3B55-489D-84DF-C1FD14ADE272}"
EndProject
Global
	GlobalSection(SolutionConfigurationPlatforms) = preSolution
		Debug|Any CPU = Debug|Any CPU
		Debug|iPhone = Debug|iPhone
		Debug|iPhoneSimulator = Debug|iPhoneSimulator
		Release|Any CPU = Release|Any CPU
		Release|iPhone = Release|iPhone
		Release|iPhoneSimulator = Release|iPhoneSimulator
	EndGlobalSection
	GlobalSection(ProjectConfigurationPlatforms) = postSolution
		{4E672472-FBFC-4926-895C-B38F058FB21A}.Debug|Any CPU.ActiveCfg = Debug|Any CPU
		{4E672472-FBFC-4926-895C-B38F058FB21A}.Debug|Any CPU.Build.0 = Debug|Any CPU
		{4E672472-FBFC-4926-895C-B38F058FB21A}.Debug|iPhone.ActiveCfg = Debug|Any CPU
		{4E672472-FBFC-4926-895C-B38F058FB21A}.Debug|iPhone.Build.0 = Debug|Any CPU
		{4E672472-FBFC-4926-895C-B38F058FB21A}.Debug|iPhoneSimulator.ActiveCfg = Debug|Any CPU
		{4E672472-FBFC-4926-895C-B38F058FB21A}.Debug|iPhoneSimulator.Build.0 = Debug|Any CPU
		{4E672472-FBFC-4926-895C-B38F058FB21A}.Release|Any CPU.ActiveCfg = Release|Any CPU
		{4E672472-FBFC-4926-895C-B38F058FB21A}.Release|Any CPU.Build.0 = Release|Any CPU
		{4E672472-FBFC-4926-895C-B38F058FB21A}.Release|iPhone.ActiveCfg = Release|Any CPU
		{4E672472-FBFC-4926-895C-B38F058FB21A}.Release|iPhone.Build.0 = Release|Any CPU
		{4E672472-FBFC-4926-895C-B38F058FB21A}.Release|iPhoneSimulator.ActiveCfg = Release|Any CPU
		{4E672472-FBFC-4926-895C-B38F058FB21A}.Release|iPhoneSimulator.Build.0 = Release|Any CPU
		{4E66E0AB-E212-4589-8C60-99CECC44B382}.Debug|Any CPU.ActiveCfg = Debug|Any CPU
		{4E66E0AB-E212-4589-8C60-99CECC44B382}.Debug|Any CPU.Build.0 = Debug|Any CPU
		{4E66E0AB-E212-4589-8C60-99CECC44B382}.Debug|iPhone.ActiveCfg = Debug|Any CPU
		{4E66E0AB-E212-4589-8C60-99CECC44B382}.Debug|iPhone.Build.0 = Debug|Any CPU
		{4E66E0AB-E212-4589-8C60-99CECC44B382}.Debug|iPhoneSimulator.ActiveCfg = Debug|Any CPU
		{4E66E0AB-E212-4589-8C60-99CECC44B382}.Debug|iPhoneSimulator.Build.0 = Debug|Any CPU
		{4E66E0AB-E212-4589-8C60-99CECC44B382}.Release|Any CPU.ActiveCfg = Release|Any CPU
		{4E66E0AB-E212-4589-8C60-99CECC44B382}.Release|Any CPU.Build.0 = Release|Any CPU
		{4E66E0AB-E212-4589-8C60-99CECC44B382}.Release|iPhone.ActiveCfg = Release|Any CPU
		{4E66E0AB-E212-4589-8C60-99CECC44B382}.Release|iPhone.Build.0 = Release|Any CPU
		{4E66E0AB-E212-4589-8C60-99CECC44B382}.Release|iPhoneSimulator.ActiveCfg = Release|Any CPU
		{4E66E0AB-E212-4589-8C60-99CECC44B382}.Release|iPhoneSimulator.Build.0 = Release|Any CPU
		{6B0F2B49-8DEC-48C3-A4E7-34C9B4946FF4}.Debug|Any CPU.ActiveCfg = Debug|Any CPU
		{6B0F2B49-8DEC-48C3-A4E7-34C9B4946FF4}.Debug|Any CPU.Build.0 = Debug|Any CPU
		{6B0F2B49-8DEC-48C3-A4E7-34C9B4946FF4}.Debug|iPhone.ActiveCfg = Debug|Any CPU
		{6B0F2B49-8DEC-48C3-A4E7-34C9B4946FF4}.Debug|iPhone.Build.0 = Debug|Any CPU
		{6B0F2B49-8DEC-48C3-A4E7-34C9B4946FF4}.Debug|iPhoneSimulator.ActiveCfg = Debug|Any CPU
		{6B0F2B49-8DEC-48C3-A4E7-34C9B4946FF4}.Debug|iPhoneSimulator.Build.0 = Debug|Any CPU
		{6B0F2B49-8DEC-48C3-A4E7-34C9B4946FF4}.Release|Any CPU.ActiveCfg = Release|Any CPU
		{6B0F2B49-8DEC-48C3-A4E7-34C9B4946FF4}.Release|Any CPU.Build.0 = Release|Any CPU
		{6B0F2B49-8DEC-48C3-A4E7-34C9B4946FF4}.Release|iPhone.ActiveCfg = Release|Any CPU
		{6B0F2B49-8DEC-48C3-A4E7-34C9B4946FF4}.Release|iPhone.Build.0 = Release|Any CPU
		{6B0F2B49-8DEC-48C3-A4E7-34C9B4946FF4}.Release|iPhoneSimulator.ActiveCfg = Release|Any CPU
		{6B0F2B49-8DEC-48C3-A4E7-34C9B4946FF4}.Release|iPhoneSimulator.Build.0 = Release|Any CPU
		{281DF82D-73EF-4A9B-A768-5A67910E6B8F}.Debug|Any CPU.ActiveCfg = Debug|Any CPU
		{281DF82D-73EF-4A9B-A768-5A67910E6B8F}.Debug|Any CPU.Build.0 = Debug|Any CPU
		{281DF82D-73EF-4A9B-A768-5A67910E6B8F}.Debug|iPhone.ActiveCfg = Debug|Any CPU
		{281DF82D-73EF-4A9B-A768-5A67910E6B8F}.Debug|iPhone.Build.0 = Debug|Any CPU
		{281DF82D-73EF-4A9B-A768-5A67910E6B8F}.Debug|iPhoneSimulator.ActiveCfg = Debug|Any CPU
		{281DF82D-73EF-4A9B-A768-5A67910E6B8F}.Debug|iPhoneSimulator.Build.0 = Debug|Any CPU
		{281DF82D-73EF-4A9B-A768-5A67910E6B8F}.Release|Any CPU.ActiveCfg = Release|Any CPU
		{281DF82D-73EF-4A9B-A768-5A67910E6B8F}.Release|Any CPU.Build.0 = Release|Any CPU
		{281DF82D-73EF-4A9B-A768-5A67910E6B8F}.Release|iPhone.ActiveCfg = Release|Any CPU
		{281DF82D-73EF-4A9B-A768-5A67910E6B8F}.Release|iPhone.Build.0 = Release|Any CPU
		{281DF82D-73EF-4A9B-A768-5A67910E6B8F}.Release|iPhoneSimulator.ActiveCfg = Release|Any CPU
		{281DF82D-73EF-4A9B-A768-5A67910E6B8F}.Release|iPhoneSimulator.Build.0 = Release|Any CPU
		{385788FF-72ED-4AC9-BF4E-4279B7D0E2F1}.Debug|Any CPU.ActiveCfg = Debug|Any CPU
		{385788FF-72ED-4AC9-BF4E-4279B7D0E2F1}.Debug|Any CPU.Build.0 = Debug|Any CPU
		{385788FF-72ED-4AC9-BF4E-4279B7D0E2F1}.Debug|iPhone.ActiveCfg = Debug|Any CPU
		{385788FF-72ED-4AC9-BF4E-4279B7D0E2F1}.Debug|iPhone.Build.0 = Debug|Any CPU
		{385788FF-72ED-4AC9-BF4E-4279B7D0E2F1}.Debug|iPhoneSimulator.ActiveCfg = Debug|Any CPU
		{385788FF-72ED-4AC9-BF4E-4279B7D0E2F1}.Debug|iPhoneSimulator.Build.0 = Debug|Any CPU
		{385788FF-72ED-4AC9-BF4E-4279B7D0E2F1}.Release|Any CPU.ActiveCfg = Release|Any CPU
		{385788FF-72ED-4AC9-BF4E-4279B7D0E2F1}.Release|Any CPU.Build.0 = Release|Any CPU
		{385788FF-72ED-4AC9-BF4E-4279B7D0E2F1}.Release|iPhone.ActiveCfg = Release|Any CPU
		{385788FF-72ED-4AC9-BF4E-4279B7D0E2F1}.Release|iPhone.Build.0 = Release|Any CPU
		{385788FF-72ED-4AC9-BF4E-4279B7D0E2F1}.Release|iPhoneSimulator.ActiveCfg = Release|Any CPU
		{385788FF-72ED-4AC9-BF4E-4279B7D0E2F1}.Release|iPhoneSimulator.Build.0 = Release|Any CPU
		{2CBA5FF8-9140-4332-9E42-6842353A39DF}.Debug|Any CPU.ActiveCfg = Debug|Any CPU
		{2CBA5FF8-9140-4332-9E42-6842353A39DF}.Debug|Any CPU.Build.0 = Debug|Any CPU
		{2CBA5FF8-9140-4332-9E42-6842353A39DF}.Debug|Any CPU.Deploy.0 = Debug|Any CPU
		{2CBA5FF8-9140-4332-9E42-6842353A39DF}.Debug|iPhone.ActiveCfg = Debug|Any CPU
		{2CBA5FF8-9140-4332-9E42-6842353A39DF}.Debug|iPhone.Build.0 = Debug|Any CPU
		{2CBA5FF8-9140-4332-9E42-6842353A39DF}.Debug|iPhone.Deploy.0 = Debug|Any CPU
		{2CBA5FF8-9140-4332-9E42-6842353A39DF}.Debug|iPhoneSimulator.ActiveCfg = Debug|Any CPU
		{2CBA5FF8-9140-4332-9E42-6842353A39DF}.Debug|iPhoneSimulator.Build.0 = Debug|Any CPU
		{2CBA5FF8-9140-4332-9E42-6842353A39DF}.Debug|iPhoneSimulator.Deploy.0 = Debug|Any CPU
		{2CBA5FF8-9140-4332-9E42-6842353A39DF}.Release|Any CPU.ActiveCfg = Release|Any CPU
		{2CBA5FF8-9140-4332-9E42-6842353A39DF}.Release|Any CPU.Build.0 = Release|Any CPU
		{2CBA5FF8-9140-4332-9E42-6842353A39DF}.Release|Any CPU.Deploy.0 = Release|Any CPU
		{2CBA5FF8-9140-4332-9E42-6842353A39DF}.Release|iPhone.ActiveCfg = Release|Any CPU
		{2CBA5FF8-9140-4332-9E42-6842353A39DF}.Release|iPhone.Build.0 = Release|Any CPU
		{2CBA5FF8-9140-4332-9E42-6842353A39DF}.Release|iPhone.Deploy.0 = Release|Any CPU
		{2CBA5FF8-9140-4332-9E42-6842353A39DF}.Release|iPhoneSimulator.ActiveCfg = Release|Any CPU
		{2CBA5FF8-9140-4332-9E42-6842353A39DF}.Release|iPhoneSimulator.Build.0 = Release|Any CPU
		{2CBA5FF8-9140-4332-9E42-6842353A39DF}.Release|iPhoneSimulator.Deploy.0 = Release|Any CPU
		{66E59310-784F-497C-BA82-245D4F5DB655}.Debug|Any CPU.ActiveCfg = Debug|iPhone
		{66E59310-784F-497C-BA82-245D4F5DB655}.Debug|iPhone.ActiveCfg = Debug|iPhone
		{66E59310-784F-497C-BA82-245D4F5DB655}.Debug|iPhone.Build.0 = Debug|iPhone
		{66E59310-784F-497C-BA82-245D4F5DB655}.Debug|iPhoneSimulator.ActiveCfg = Debug|iPhoneSimulator
		{66E59310-784F-497C-BA82-245D4F5DB655}.Debug|iPhoneSimulator.Build.0 = Debug|iPhoneSimulator
		{66E59310-784F-497C-BA82-245D4F5DB655}.Release|Any CPU.ActiveCfg = Release|iPhone
		{66E59310-784F-497C-BA82-245D4F5DB655}.Release|iPhone.ActiveCfg = Release|iPhone
		{66E59310-784F-497C-BA82-245D4F5DB655}.Release|iPhone.Build.0 = Release|iPhone
		{66E59310-784F-497C-BA82-245D4F5DB655}.Release|iPhoneSimulator.ActiveCfg = Release|iPhoneSimulator
		{66E59310-784F-497C-BA82-245D4F5DB655}.Release|iPhoneSimulator.Build.0 = Release|iPhoneSimulator
		{E6378E17-68A0-432A-9CF4-79AC44BE357A}.Debug|Any CPU.ActiveCfg = Debug|Any CPU
		{E6378E17-68A0-432A-9CF4-79AC44BE357A}.Debug|Any CPU.Build.0 = Debug|Any CPU
		{E6378E17-68A0-432A-9CF4-79AC44BE357A}.Debug|iPhone.ActiveCfg = Debug|Any CPU
		{E6378E17-68A0-432A-9CF4-79AC44BE357A}.Debug|iPhone.Build.0 = Debug|Any CPU
		{E6378E17-68A0-432A-9CF4-79AC44BE357A}.Debug|iPhoneSimulator.ActiveCfg = Debug|Any CPU
		{E6378E17-68A0-432A-9CF4-79AC44BE357A}.Debug|iPhoneSimulator.Build.0 = Debug|Any CPU
		{E6378E17-68A0-432A-9CF4-79AC44BE357A}.Release|Any CPU.ActiveCfg = Release|Any CPU
		{E6378E17-68A0-432A-9CF4-79AC44BE357A}.Release|Any CPU.Build.0 = Release|Any CPU
		{E6378E17-68A0-432A-9CF4-79AC44BE357A}.Release|iPhone.ActiveCfg = Release|Any CPU
		{E6378E17-68A0-432A-9CF4-79AC44BE357A}.Release|iPhone.Build.0 = Release|Any CPU
		{E6378E17-68A0-432A-9CF4-79AC44BE357A}.Release|iPhoneSimulator.ActiveCfg = Release|Any CPU
		{E6378E17-68A0-432A-9CF4-79AC44BE357A}.Release|iPhoneSimulator.Build.0 = Release|Any CPU
		{0EE1E95A-589B-4B42-83DF-20CBBCC66236}.Debug|Any CPU.ActiveCfg = Debug|Any CPU
		{0EE1E95A-589B-4B42-83DF-20CBBCC66236}.Debug|Any CPU.Build.0 = Debug|Any CPU
		{0EE1E95A-589B-4B42-83DF-20CBBCC66236}.Debug|iPhone.ActiveCfg = Debug|Any CPU
		{0EE1E95A-589B-4B42-83DF-20CBBCC66236}.Debug|iPhone.Build.0 = Debug|Any CPU
		{0EE1E95A-589B-4B42-83DF-20CBBCC66236}.Debug|iPhoneSimulator.ActiveCfg = Debug|Any CPU
		{0EE1E95A-589B-4B42-83DF-20CBBCC66236}.Debug|iPhoneSimulator.Build.0 = Debug|Any CPU
		{0EE1E95A-589B-4B42-83DF-20CBBCC66236}.Release|Any CPU.ActiveCfg = Release|Any CPU
		{0EE1E95A-589B-4B42-83DF-20CBBCC66236}.Release|Any CPU.Build.0 = Release|Any CPU
		{0EE1E95A-589B-4B42-83DF-20CBBCC66236}.Release|iPhone.ActiveCfg = Release|Any CPU
		{0EE1E95A-589B-4B42-83DF-20CBBCC66236}.Release|iPhone.Build.0 = Release|Any CPU
		{0EE1E95A-589B-4B42-83DF-20CBBCC66236}.Release|iPhoneSimulator.ActiveCfg = Release|Any CPU
		{0EE1E95A-589B-4B42-83DF-20CBBCC66236}.Release|iPhoneSimulator.Build.0 = Release|Any CPU
		{0FE0D6AB-5EB9-4AEF-8C2C-750A35E9E1AF}.Debug|Any CPU.ActiveCfg = Debug|Any CPU
		{0FE0D6AB-5EB9-4AEF-8C2C-750A35E9E1AF}.Debug|Any CPU.Build.0 = Debug|Any CPU
		{0FE0D6AB-5EB9-4AEF-8C2C-750A35E9E1AF}.Debug|iPhone.ActiveCfg = Debug|Any CPU
		{0FE0D6AB-5EB9-4AEF-8C2C-750A35E9E1AF}.Debug|iPhone.Build.0 = Debug|Any CPU
		{0FE0D6AB-5EB9-4AEF-8C2C-750A35E9E1AF}.Debug|iPhoneSimulator.ActiveCfg = Debug|Any CPU
		{0FE0D6AB-5EB9-4AEF-8C2C-750A35E9E1AF}.Debug|iPhoneSimulator.Build.0 = Debug|Any CPU
		{0FE0D6AB-5EB9-4AEF-8C2C-750A35E9E1AF}.Release|Any CPU.ActiveCfg = Release|Any CPU
		{0FE0D6AB-5EB9-4AEF-8C2C-750A35E9E1AF}.Release|Any CPU.Build.0 = Release|Any CPU
		{0FE0D6AB-5EB9-4AEF-8C2C-750A35E9E1AF}.Release|iPhone.ActiveCfg = Release|Any CPU
		{0FE0D6AB-5EB9-4AEF-8C2C-750A35E9E1AF}.Release|iPhone.Build.0 = Release|Any CPU
		{0FE0D6AB-5EB9-4AEF-8C2C-750A35E9E1AF}.Release|iPhoneSimulator.ActiveCfg = Release|Any CPU
		{0FE0D6AB-5EB9-4AEF-8C2C-750A35E9E1AF}.Release|iPhoneSimulator.Build.0 = Release|Any CPU
		{B9C2B467-C7AC-44E6-81CB-E959976014B1}.Debug|Any CPU.ActiveCfg = Debug|Any CPU
		{B9C2B467-C7AC-44E6-81CB-E959976014B1}.Debug|Any CPU.Build.0 = Debug|Any CPU
		{B9C2B467-C7AC-44E6-81CB-E959976014B1}.Debug|iPhone.ActiveCfg = Debug|Any CPU
		{B9C2B467-C7AC-44E6-81CB-E959976014B1}.Debug|iPhone.Build.0 = Debug|Any CPU
		{B9C2B467-C7AC-44E6-81CB-E959976014B1}.Debug|iPhoneSimulator.ActiveCfg = Debug|Any CPU
		{B9C2B467-C7AC-44E6-81CB-E959976014B1}.Debug|iPhoneSimulator.Build.0 = Debug|Any CPU
		{B9C2B467-C7AC-44E6-81CB-E959976014B1}.Release|Any CPU.ActiveCfg = Release|Any CPU
		{B9C2B467-C7AC-44E6-81CB-E959976014B1}.Release|Any CPU.Build.0 = Release|Any CPU
		{B9C2B467-C7AC-44E6-81CB-E959976014B1}.Release|iPhone.ActiveCfg = Release|Any CPU
		{B9C2B467-C7AC-44E6-81CB-E959976014B1}.Release|iPhone.Build.0 = Release|Any CPU
		{B9C2B467-C7AC-44E6-81CB-E959976014B1}.Release|iPhoneSimulator.ActiveCfg = Release|Any CPU
		{B9C2B467-C7AC-44E6-81CB-E959976014B1}.Release|iPhoneSimulator.Build.0 = Release|Any CPU
		{F0009F8A-3B55-489D-84DF-C1FD14ADE272}.Debug|Any CPU.ActiveCfg = Debug|Any CPU
		{F0009F8A-3B55-489D-84DF-C1FD14ADE272}.Debug|Any CPU.Build.0 = Debug|Any CPU
		{F0009F8A-3B55-489D-84DF-C1FD14ADE272}.Debug|iPhone.ActiveCfg = Debug|Any CPU
		{F0009F8A-3B55-489D-84DF-C1FD14ADE272}.Debug|iPhone.Build.0 = Debug|Any CPU
		{F0009F8A-3B55-489D-84DF-C1FD14ADE272}.Debug|iPhoneSimulator.ActiveCfg = Debug|Any CPU
		{F0009F8A-3B55-489D-84DF-C1FD14ADE272}.Debug|iPhoneSimulator.Build.0 = Debug|Any CPU
		{F0009F8A-3B55-489D-84DF-C1FD14ADE272}.Release|Any CPU.ActiveCfg = Release|Any CPU
		{F0009F8A-3B55-489D-84DF-C1FD14ADE272}.Release|Any CPU.Build.0 = Release|Any CPU
		{F0009F8A-3B55-489D-84DF-C1FD14ADE272}.Release|iPhone.ActiveCfg = Release|Any CPU
		{F0009F8A-3B55-489D-84DF-C1FD14ADE272}.Release|iPhone.Build.0 = Release|Any CPU
		{F0009F8A-3B55-489D-84DF-C1FD14ADE272}.Release|iPhoneSimulator.ActiveCfg = Release|Any CPU
		{F0009F8A-3B55-489D-84DF-C1FD14ADE272}.Release|iPhoneSimulator.Build.0 = Release|Any CPU
	EndGlobalSection
	GlobalSection(SolutionProperties) = preSolution
		HideSolutionNode = FALSE
	EndGlobalSection
	GlobalSection(NestedProjects) = preSolution
		{4E66E0AB-E212-4589-8C60-99CECC44B382} = {3F74E367-4B7F-45D0-AC79-1D30E8926A04}
		{6B0F2B49-8DEC-48C3-A4E7-34C9B4946FF4} = {3F74E367-4B7F-45D0-AC79-1D30E8926A04}
		{281DF82D-73EF-4A9B-A768-5A67910E6B8F} = {3F74E367-4B7F-45D0-AC79-1D30E8926A04}
		{385788FF-72ED-4AC9-BF4E-4279B7D0E2F1} = {3F74E367-4B7F-45D0-AC79-1D30E8926A04}
		{2CBA5FF8-9140-4332-9E42-6842353A39DF} = {19C6C38D-6266-4B04-9E6F-2253AECD2AC0}
		{66E59310-784F-497C-BA82-245D4F5DB655} = {19C6C38D-6266-4B04-9E6F-2253AECD2AC0}
		{E6378E17-68A0-432A-9CF4-79AC44BE357A} = {19C6C38D-6266-4B04-9E6F-2253AECD2AC0}
		{0EE1E95A-589B-4B42-83DF-20CBBCC66236} = {3F74E367-4B7F-45D0-AC79-1D30E8926A04}
	EndGlobalSection
	GlobalSection(ExtensibilityGlobals) = postSolution
		SolutionGuid = {50E4A3DB-7814-4851-A144-578541D6B385}
	EndGlobalSection
EndGlobal
